version: 4
environments:
  default:
    channels:
    - url: https://conda.anaconda.org/conda-forge/
    packages:
      linux-64:
      - conda: https://conda.anaconda.org/conda-forge/linux-64/_libgcc_mutex-0.1-conda_forge.tar.bz2
      - conda: https://conda.anaconda.org/conda-forge/linux-64/_openmp_mutex-4.5-2_gnu.tar.bz2
      - conda: https://conda.anaconda.org/conda-forge/noarch/blinker-1.7.0-pyhd8ed1ab_0.conda
      - conda: https://conda.anaconda.org/conda-forge/linux-64/bzip2-1.0.8-hd590300_5.conda
      - conda: https://conda.anaconda.org/conda-forge/linux-64/ca-certificates-2024.2.2-hbcca054_0.conda
      - conda: https://conda.anaconda.org/conda-forge/noarch/click-8.1.7-unix_pyh707e725_0.conda
      - conda: https://conda.anaconda.org/conda-forge/noarch/deprecated-1.2.14-pyh1a96a4e_0.conda
      - conda: https://conda.anaconda.org/conda-forge/noarch/flask-3.0.2-pyhd8ed1ab_0.conda
      - conda: https://conda.anaconda.org/conda-forge/noarch/flask-limiter-3.5.1-pyhd8ed1ab_0.conda
      - conda: https://conda.anaconda.org/conda-forge/linux-64/google-cloud-sdk-469.0.0-py38h578d9bd_0.conda
      - conda: https://conda.anaconda.org/conda-forge/noarch/h11-0.14.0-pyhd8ed1ab_0.tar.bz2
      - conda: https://conda.anaconda.org/conda-forge/noarch/importlib-metadata-7.1.0-pyha770c72_0.conda
      - conda: https://conda.anaconda.org/conda-forge/noarch/importlib-resources-6.4.0-pyhd8ed1ab_0.conda
      - conda: https://conda.anaconda.org/conda-forge/noarch/importlib_resources-6.4.0-pyhd8ed1ab_0.conda
      - conda: https://conda.anaconda.org/conda-forge/noarch/itsdangerous-2.1.2-pyhd8ed1ab_0.tar.bz2
      - conda: https://conda.anaconda.org/conda-forge/noarch/jinja2-3.1.3-pyhd8ed1ab_0.conda
      - conda: https://conda.anaconda.org/conda-forge/linux-64/ld_impl_linux-64-2.40-h41732ed_0.conda
      - conda: https://conda.anaconda.org/conda-forge/linux-64/libffi-3.4.2-h7f98852_5.tar.bz2
      - conda: https://conda.anaconda.org/conda-forge/linux-64/libgcc-ng-13.2.0-h807b86a_5.conda
      - conda: https://conda.anaconda.org/conda-forge/linux-64/libgomp-13.2.0-h807b86a_5.conda
      - conda: https://conda.anaconda.org/conda-forge/linux-64/libnsl-2.0.1-hd590300_0.conda
      - conda: https://conda.anaconda.org/conda-forge/linux-64/libsqlite-3.45.2-h2797004_0.conda
      - conda: https://conda.anaconda.org/conda-forge/linux-64/libuuid-2.38.1-h0b41bf4_0.conda
      - conda: https://conda.anaconda.org/conda-forge/linux-64/libxcrypt-4.4.36-hd590300_1.conda
      - conda: https://conda.anaconda.org/conda-forge/linux-64/libzlib-1.2.13-hd590300_5.conda
      - conda: https://conda.anaconda.org/conda-forge/noarch/limits-3.10.1-pyhd8ed1ab_0.conda
      - conda: https://conda.anaconda.org/conda-forge/noarch/markdown-it-py-3.0.0-pyhd8ed1ab_0.conda
      - conda: https://conda.anaconda.org/conda-forge/linux-64/markupsafe-2.1.5-py38h01eb140_0.conda
      - conda: https://conda.anaconda.org/conda-forge/noarch/mdurl-0.1.2-pyhd8ed1ab_0.conda
      - conda: https://conda.anaconda.org/conda-forge/linux-64/ncurses-6.4.20240210-h59595ed_0.conda
      - conda: https://conda.anaconda.org/conda-forge/linux-64/openssl-3.2.1-hd590300_1.conda
      - conda: https://conda.anaconda.org/conda-forge/noarch/ordered-set-4.1.0-pyhd8ed1ab_0.tar.bz2
      - conda: https://conda.anaconda.org/conda-forge/noarch/packaging-24.0-pyhd8ed1ab_0.conda
      - conda: https://conda.anaconda.org/conda-forge/noarch/pygments-2.17.2-pyhd8ed1ab_0.conda
      - conda: https://conda.anaconda.org/conda-forge/linux-64/python-3.8.19-hd12c33a_0_cpython.conda
      - conda: https://conda.anaconda.org/conda-forge/linux-64/python_abi-3.8-4_cp38.conda
      - conda: https://conda.anaconda.org/conda-forge/linux-64/readline-8.2-h8228510_1.conda
      - conda: https://conda.anaconda.org/conda-forge/noarch/rich-13.7.1-pyhd8ed1ab_0.conda
      - conda: https://conda.anaconda.org/conda-forge/linux-64/tk-8.6.13-noxft_h4845f30_101.conda
      - conda: https://conda.anaconda.org/conda-forge/noarch/typing-extensions-4.10.0-hd8ed1ab_0.conda
      - conda: https://conda.anaconda.org/conda-forge/noarch/typing_extensions-4.10.0-pyha770c72_0.conda
      - conda: https://conda.anaconda.org/conda-forge/linux-64/uvicorn-0.29.0-py38h578d9bd_0.conda
      - conda: https://conda.anaconda.org/conda-forge/noarch/werkzeug-3.0.1-pyhd8ed1ab_0.conda
      - conda: https://conda.anaconda.org/conda-forge/linux-64/wrapt-1.16.0-py38h01eb140_0.conda
      - conda: https://conda.anaconda.org/conda-forge/linux-64/xz-5.2.6-h166bdaf_0.tar.bz2
      - conda: https://conda.anaconda.org/conda-forge/noarch/zipp-3.17.0-pyhd8ed1ab_0.conda
packages:
- kind: conda
  name: _libgcc_mutex
  version: '0.1'
  build: conda_forge
  subdir: linux-64
  url: https://conda.anaconda.org/conda-forge/linux-64/_libgcc_mutex-0.1-conda_forge.tar.bz2
  sha256: fe51de6107f9edc7aa4f786a70f4a883943bc9d39b3bb7307c04c41410990726
  md5: d7c89558ba9fa0495403155b64376d81
  license: None
  size: 2562
  timestamp: 1578324546067
- kind: conda
  name: _openmp_mutex
  version: '4.5'
  build: 2_gnu
  build_number: 16
  subdir: linux-64
  url: https://conda.anaconda.org/conda-forge/linux-64/_openmp_mutex-4.5-2_gnu.tar.bz2
  sha256: fbe2c5e56a653bebb982eda4876a9178aedfc2b545f25d0ce9c4c0b508253d22
  md5: 73aaf86a425cc6e73fcf236a5a46396d
  depends:
  - _libgcc_mutex 0.1 conda_forge
  - libgomp >=7.5.0
  constrains:
  - openmp_impl 9999
  license: BSD-3-Clause
  license_family: BSD
  size: 23621
  timestamp: 1650670423406
- kind: conda
  name: blinker
  version: 1.7.0
  build: pyhd8ed1ab_0
  subdir: noarch
  noarch: python
  url: https://conda.anaconda.org/conda-forge/noarch/blinker-1.7.0-pyhd8ed1ab_0.conda
  sha256: c8d72c2af4f57898dfd5e4c62ae67f7fea1490a37c8b6855460a170d61591177
  md5: 550da20b2c2e38be9cc44bb819fda5d5
  depends:
  - python >=3.8
  license: MIT
  license_family: MIT
  size: 17886
  timestamp: 1698890303249
- kind: conda
  name: bzip2
  version: 1.0.8
  build: hd590300_5
  build_number: 5
  subdir: linux-64
  url: https://conda.anaconda.org/conda-forge/linux-64/bzip2-1.0.8-hd590300_5.conda
  sha256: 242c0c324507ee172c0e0dd2045814e746bb303d1eb78870d182ceb0abc726a8
  md5: 69b8b6202a07720f448be700e300ccf4
  depends:
  - libgcc-ng >=12
  license: bzip2-1.0.6
  license_family: BSD
  size: 254228
  timestamp: 1699279927352
- kind: conda
  name: ca-certificates
  version: 2024.2.2
  build: hbcca054_0
  subdir: linux-64
  url: https://conda.anaconda.org/conda-forge/linux-64/ca-certificates-2024.2.2-hbcca054_0.conda
  sha256: 91d81bfecdbb142c15066df70cc952590ae8991670198f92c66b62019b251aeb
  md5: 2f4327a1cbe7f022401b236e915a5fef
  license: ISC
  size: 155432
  timestamp: 1706843687645
- kind: conda
  name: click
  version: 8.1.7
  build: unix_pyh707e725_0
  subdir: noarch
  noarch: python
  url: https://conda.anaconda.org/conda-forge/noarch/click-8.1.7-unix_pyh707e725_0.conda
  sha256: f0016cbab6ac4138a429e28dbcb904a90305b34b3fe41a9b89d697c90401caec
  md5: f3ad426304898027fc619827ff428eca
  depends:
  - __unix
  - python >=3.8
  license: BSD-3-Clause
  license_family: BSD
  size: 84437
  timestamp: 1692311973840
- kind: conda
  name: deprecated
  version: 1.2.14
  build: pyh1a96a4e_0
  subdir: noarch
  noarch: python
  url: https://conda.anaconda.org/conda-forge/noarch/deprecated-1.2.14-pyh1a96a4e_0.conda
  sha256: 8f61539b00ea315c99f8b6f9e2408caa6894593617676741214cc0280e875ca0
  md5: 4e4c4236e1ca9bcd8816b921a4805882
  depends:
  - python >=2.7
  - wrapt <2,>=1.10
  license: MIT
  license_family: MIT
  size: 14033
  timestamp: 1685233463632
- kind: conda
  name: flask
  version: 3.0.2
  build: pyhd8ed1ab_0
  subdir: noarch
  noarch: python
  url: https://conda.anaconda.org/conda-forge/noarch/flask-3.0.2-pyhd8ed1ab_0.conda
  sha256: d5bfe0e74b001572135bef51ffa329fa2f5dfd37fb87b2878ed851025ced9334
  md5: 7f88df670921cc31c309719e30c22021
  depends:
  - blinker >=1.6.2
  - click >=8.1.3
  - importlib-metadata >=3.6.0
  - itsdangerous >=2.1.2
  - jinja2 >=3.1.2
  - python >=3.8
  - werkzeug >=3.0.0
  license: BSD-3-Clause
  license_family: BSD
  size: 80485
  timestamp: 1707044052869
- kind: conda
  name: flask-limiter
  version: 3.5.1
  build: pyhd8ed1ab_0
  subdir: noarch
  noarch: python
  url: https://conda.anaconda.org/conda-forge/noarch/flask-limiter-3.5.1-pyhd8ed1ab_0.conda
  sha256: 439279cfe2650ab902c38109471532a1be2dfc817a32d3d2a0d62920d27054b3
  md5: 433f3ca3ea6cbd6b08fe79fe41282a58
  depends:
  - flask >=2
  - limits >=2.8
  - ordered-set >4,<5
  - python >=3.8
  - rich >=12,<14
  - typing-extensions >=4
  license: MIT
  license_family: MIT
  size: 29804
  timestamp: 1707722208205
- kind: conda
  name: google-cloud-sdk
  version: 469.0.0
  build: py38h578d9bd_0
  subdir: linux-64
  url: https://conda.anaconda.org/conda-forge/linux-64/google-cloud-sdk-469.0.0-py38h578d9bd_0.conda
  sha256: bd4c34935d9a9c0f623a187f833d30d11a838c7418d2aac03c31252d8d0d2f1e
  md5: 488146fefe9810f710517e6363102e8e
  depends:
  - python >=3.8,<3.9.0a0
  - python_abi 3.8.* *_cp38
  license: Apache v2.0
  license_family: Apache
  size: 200068484
  timestamp: 1710891626523
- kind: conda
  name: h11
  version: 0.14.0
  build: pyhd8ed1ab_0
  subdir: noarch
  noarch: python
  url: https://conda.anaconda.org/conda-forge/noarch/h11-0.14.0-pyhd8ed1ab_0.tar.bz2
  sha256: 817d2c77d53afe3f3d9cf7f6eb8745cdd8ea76c7adaa9d7ced75c455a2c2c085
  md5: b21ed0883505ba1910994f1df031a428
  depends:
  - python >=3
  - typing_extensions
  license: MIT
  license_family: MIT
  size: 48251
  timestamp: 1664132995560
- kind: conda
  name: importlib-metadata
  version: 7.1.0
  build: pyha770c72_0
  subdir: noarch
  noarch: python
  url: https://conda.anaconda.org/conda-forge/noarch/importlib-metadata-7.1.0-pyha770c72_0.conda
  sha256: cc2e7d1f7f01cede30feafc1118b7aefa244d0a12224513734e24165ae12ba49
  md5: 0896606848b2dc5cebdf111b6543aa04
  depends:
  - python >=3.8
  - zipp >=0.5
  license: Apache-2.0
  license_family: APACHE
  size: 27043
  timestamp: 1710971498183
- kind: conda
  name: importlib-resources
  version: 6.4.0
  build: pyhd8ed1ab_0
  subdir: noarch
  noarch: python
  url: https://conda.anaconda.org/conda-forge/noarch/importlib-resources-6.4.0-pyhd8ed1ab_0.conda
  sha256: 38db827f445ae437a15d50a94816ae67a48285d0700f736af3eb90800a71f079
  md5: dcbadab7a68738a028e195ab68ab2d2e
  depends:
  - importlib_resources >=6.4.0,<6.4.1.0a0
  - python >=3.8
  license: Apache-2.0
  license_family: APACHE
  size: 9657
  timestamp: 1711041029062
- kind: conda
  name: importlib_resources
  version: 6.4.0
  build: pyhd8ed1ab_0
  subdir: noarch
  noarch: python
  url: https://conda.anaconda.org/conda-forge/noarch/importlib_resources-6.4.0-pyhd8ed1ab_0.conda
  sha256: c6ae80c0beaeabb342c5b041f19669992ae6e937dbec56ced766cb035900f9de
  md5: c5d3907ad8bd7bf557521a1833cf7e6d
  depends:
  - python >=3.8
  - zipp >=3.1.0
  constrains:
  - importlib-resources >=6.4.0,<6.4.1.0a0
  license: Apache-2.0
  license_family: APACHE
  size: 33056
  timestamp: 1711041009039
- kind: conda
  name: itsdangerous
  version: 2.1.2
  build: pyhd8ed1ab_0
  subdir: noarch
  noarch: python
  url: https://conda.anaconda.org/conda-forge/noarch/itsdangerous-2.1.2-pyhd8ed1ab_0.tar.bz2
  sha256: 31e3492686b4e92b53db9b48bc0eb03873b1caaf28629fee7d2d47627a2c56d3
  md5: 3c3de74912f11d2b590184f03c7cd09b
  depends:
  - python >=3.7
  license: BSD-3-Clause
  license_family: BSD
  size: 16377
  timestamp: 1648147263536
- kind: conda
  name: jinja2
  version: 3.1.3
  build: pyhd8ed1ab_0
  subdir: noarch
  noarch: python
  url: https://conda.anaconda.org/conda-forge/noarch/jinja2-3.1.3-pyhd8ed1ab_0.conda
  sha256: fd517b7dd3a61eca34f8a6f9f92f306397149cae1204fce72ac3d227107dafdc
  md5: e7d8df6509ba635247ff9aea31134262
  depends:
  - markupsafe >=2.0
  - python >=3.7
  license: BSD-3-Clause
  license_family: BSD
  size: 111589
  timestamp: 1704967140287
- kind: conda
  name: ld_impl_linux-64
  version: '2.40'
  build: h41732ed_0
  subdir: linux-64
  url: https://conda.anaconda.org/conda-forge/linux-64/ld_impl_linux-64-2.40-h41732ed_0.conda
  sha256: f6cc89d887555912d6c61b295d398cff9ec982a3417d38025c45d5dd9b9e79cd
  md5: 7aca3059a1729aa76c597603f10b0dd3
  constrains:
  - binutils_impl_linux-64 2.40
  license: GPL-3.0-only
  license_family: GPL
  size: 704696
  timestamp: 1674833944779
- kind: conda
  name: libffi
  version: 3.4.2
  build: h7f98852_5
  build_number: 5
  subdir: linux-64
  url: https://conda.anaconda.org/conda-forge/linux-64/libffi-3.4.2-h7f98852_5.tar.bz2
  sha256: ab6e9856c21709b7b517e940ae7028ae0737546122f83c2aa5d692860c3b149e
  md5: d645c6d2ac96843a2bfaccd2d62b3ac3
  depends:
  - libgcc-ng >=9.4.0
  license: MIT
  license_family: MIT
  size: 58292
  timestamp: 1636488182923
- kind: conda
  name: libgcc-ng
  version: 13.2.0
  build: h807b86a_5
  build_number: 5
  subdir: linux-64
  url: https://conda.anaconda.org/conda-forge/linux-64/libgcc-ng-13.2.0-h807b86a_5.conda
  sha256: d32f78bfaac282cfe5205f46d558704ad737b8dbf71f9227788a5ca80facaba4
  md5: d4ff227c46917d3b4565302a2bbb276b
  depends:
  - _libgcc_mutex 0.1 conda_forge
  - _openmp_mutex >=4.5
  constrains:
  - libgomp 13.2.0 h807b86a_5
  license: GPL-3.0-only WITH GCC-exception-3.1
  license_family: GPL
  size: 770506
  timestamp: 1706819192021
- kind: conda
  name: libgomp
  version: 13.2.0
  build: h807b86a_5
  build_number: 5
  subdir: linux-64
  url: https://conda.anaconda.org/conda-forge/linux-64/libgomp-13.2.0-h807b86a_5.conda
  sha256: 0d3d4b1b0134283ea02d58e8eb5accf3655464cf7159abf098cc694002f8d34e
  md5: d211c42b9ce49aee3734fdc828731689
  depends:
  - _libgcc_mutex 0.1 conda_forge
  license: GPL-3.0-only WITH GCC-exception-3.1
  license_family: GPL
  size: 419751
  timestamp: 1706819107383
- kind: conda
  name: libnsl
  version: 2.0.1
  build: hd590300_0
  subdir: linux-64
  url: https://conda.anaconda.org/conda-forge/linux-64/libnsl-2.0.1-hd590300_0.conda
  sha256: 26d77a3bb4dceeedc2a41bd688564fe71bf2d149fdcf117049970bc02ff1add6
  md5: 30fd6e37fe21f86f4bd26d6ee73eeec7
  depends:
  - libgcc-ng >=12
  license: LGPL-2.1-only
  license_family: GPL
  size: 33408
  timestamp: 1697359010159
- kind: conda
  name: libsqlite
  version: 3.45.2
  build: h2797004_0
  subdir: linux-64
  url: https://conda.anaconda.org/conda-forge/linux-64/libsqlite-3.45.2-h2797004_0.conda
  sha256: 8cdbeb7902729e319510a82d7c642402981818702b58812af265ef55d1315473
  md5: 866983a220e27a80cb75e85cb30466a1
  depends:
  - libgcc-ng >=12
  - libzlib >=1.2.13,<1.3.0a0
  license: Unlicense
  size: 857489
  timestamp: 1710254744982
- kind: conda
  name: libuuid
  version: 2.38.1
  build: h0b41bf4_0
  subdir: linux-64
  url: https://conda.anaconda.org/conda-forge/linux-64/libuuid-2.38.1-h0b41bf4_0.conda
  sha256: 787eb542f055a2b3de553614b25f09eefb0a0931b0c87dbcce6efdfd92f04f18
  md5: 40b61aab5c7ba9ff276c41cfffe6b80b
  depends:
  - libgcc-ng >=12
  license: BSD-3-Clause
  license_family: BSD
  size: 33601
  timestamp: 1680112270483
- kind: conda
  name: libxcrypt
  version: 4.4.36
  build: hd590300_1
  build_number: 1
  subdir: linux-64
  url: https://conda.anaconda.org/conda-forge/linux-64/libxcrypt-4.4.36-hd590300_1.conda
  sha256: 6ae68e0b86423ef188196fff6207ed0c8195dd84273cb5623b85aa08033a410c
  md5: 5aa797f8787fe7a17d1b0821485b5adc
  depends:
  - libgcc-ng >=12
  license: LGPL-2.1-or-later
  size: 100393
  timestamp: 1702724383534
- kind: conda
  name: libzlib
  version: 1.2.13
  build: hd590300_5
  build_number: 5
  subdir: linux-64
  url: https://conda.anaconda.org/conda-forge/linux-64/libzlib-1.2.13-hd590300_5.conda
  sha256: 370c7c5893b737596fd6ca0d9190c9715d89d888b8c88537ae1ef168c25e82e4
  md5: f36c115f1ee199da648e0597ec2047ad
  depends:
  - libgcc-ng >=12
  constrains:
  - zlib 1.2.13 *_5
  license: Zlib
  license_family: Other
  size: 61588
  timestamp: 1686575217516
- kind: conda
  name: limits
  version: 3.10.1
  build: pyhd8ed1ab_0
  subdir: noarch
  noarch: python
  url: https://conda.anaconda.org/conda-forge/noarch/limits-3.10.1-pyhd8ed1ab_0.conda
  sha256: 4d8fd458b4fbf85eae2e9b7c0cbb45076cd5bb51180ecc2f3d9687abca30a90d
  md5: 8860af0b3df4e14c8f827628e711bbbb
  depends:
  - deprecated >=1.2
  - importlib-resources >=1.3
  - packaging >=21,<25
  - python >=3.7
  - typing-extensions
  license: MIT
  license_family: MIT
  size: 31307
  timestamp: 1710760639289
- kind: conda
  name: markdown-it-py
  version: 3.0.0
  build: pyhd8ed1ab_0
  subdir: noarch
  noarch: python
  url: https://conda.anaconda.org/conda-forge/noarch/markdown-it-py-3.0.0-pyhd8ed1ab_0.conda
  sha256: c041b0eaf7a6af3344d5dd452815cdc148d6284fec25a4fa3f4263b3a021e962
  md5: 93a8e71256479c62074356ef6ebf501b
  depends:
  - mdurl >=0.1,<1
  - python >=3.8
  license: MIT
  license_family: MIT
  size: 64356
  timestamp: 1686175179621
- kind: conda
  name: markupsafe
  version: 2.1.5
  build: py38h01eb140_0
  subdir: linux-64
  url: https://conda.anaconda.org/conda-forge/linux-64/markupsafe-2.1.5-py38h01eb140_0.conda
  sha256: 384a193d11c89463533e6fc5d94a6c67c16c598b32747a8f86f9ad227f0aed17
  md5: aeeb09febb02542e020c3ba7084ead01
  depends:
  - libgcc-ng >=12
  - python >=3.8,<3.9.0a0
  - python_abi 3.8.* *_cp38
  constrains:
  - jinja2 >=3.0.0
  license: BSD-3-Clause
  license_family: BSD
  size: 24274
  timestamp: 1706900087252
- kind: conda
  name: mdurl
  version: 0.1.2
  build: pyhd8ed1ab_0
  subdir: noarch
  noarch: python
  url: https://conda.anaconda.org/conda-forge/noarch/mdurl-0.1.2-pyhd8ed1ab_0.conda
  sha256: 64073dfb6bb429d52fff30891877b48c7ec0f89625b1bf844905b66a81cce6e1
  md5: 776a8dd9e824f77abac30e6ef43a8f7a
  depends:
  - python >=3.6
  license: MIT
  license_family: MIT
  size: 14680
  timestamp: 1704317789138
- kind: conda
  name: ncurses
  version: 6.4.20240210
  build: h59595ed_0
  subdir: linux-64
  url: https://conda.anaconda.org/conda-forge/linux-64/ncurses-6.4.20240210-h59595ed_0.conda
  sha256: aa0f005b6727aac6507317ed490f0904430584fa8ca722657e7f0fb94741de81
  md5: 97da8860a0da5413c7c98a3b3838a645
  depends:
  - libgcc-ng >=12
  license: X11 AND BSD-3-Clause
  size: 895669
  timestamp: 1710866638986
- kind: conda
  name: openssl
  version: 3.2.1
  build: hd590300_1
  build_number: 1
  subdir: linux-64
  url: https://conda.anaconda.org/conda-forge/linux-64/openssl-3.2.1-hd590300_1.conda
  sha256: 2c689444ed19a603be457284cf2115ee728a3fafb7527326e96054dee7cdc1a7
  md5: 9d731343cff6ee2e5a25c4a091bf8e2a
  depends:
  - ca-certificates
  - libgcc-ng >=12
  constrains:
  - pyopenssl >=22.1
  license: Apache-2.0
  license_family: Apache
  size: 2865379
  timestamp: 1710793235846
- kind: conda
  name: ordered-set
  version: 4.1.0
  build: pyhd8ed1ab_0
  subdir: noarch
  noarch: python
  url: https://conda.anaconda.org/conda-forge/noarch/ordered-set-4.1.0-pyhd8ed1ab_0.tar.bz2
  sha256: 78d92f848a6b4a89148dfa1f6e65c0b75e8f3a267b6401be38fb3401853b4afa
  md5: 9a8714decb3967b290263817e876d8a9
  depends:
  - python >=3.7
  license: MIT
  license_family: MIT
  size: 11469
  timestamp: 1643221437437
- kind: conda
  name: packaging
  version: '24.0'
  build: pyhd8ed1ab_0
  subdir: noarch
  noarch: python
  url: https://conda.anaconda.org/conda-forge/noarch/packaging-24.0-pyhd8ed1ab_0.conda
  sha256: a390182d74c31dfd713c16db888c92c277feeb6d1fe96ff9d9c105f9564be48a
  md5: 248f521b64ce055e7feae3105e7abeb8
  depends:
  - python >=3.8
  license: Apache-2.0
  license_family: APACHE
  size: 49832
  timestamp: 1710076089469
- kind: conda
  name: pygments
  version: 2.17.2
  build: pyhd8ed1ab_0
  subdir: noarch
  noarch: python
  url: https://conda.anaconda.org/conda-forge/noarch/pygments-2.17.2-pyhd8ed1ab_0.conda
  sha256: af5f8867450dc292f98ea387d4d8945fc574284677c8f60eaa9846ede7387257
  md5: 140a7f159396547e9799aa98f9f0742e
  depends:
  - python >=3.7
  license: BSD-2-Clause
  license_family: BSD
  size: 860425
  timestamp: 1700608076927
- kind: conda
  name: python
  version: 3.8.19
  build: hd12c33a_0_cpython
  subdir: linux-64
  url: https://conda.anaconda.org/conda-forge/linux-64/python-3.8.19-hd12c33a_0_cpython.conda
  sha256: 71899083b05d7f489887b029387c0588e353b9c461f74ebf864c0620586108ba
  md5: 53aabe8cf596487ec6f1ce319c93a741
  depends:
  - bzip2 >=1.0.8,<2.0a0
  - ld_impl_linux-64 >=2.36.1
  - libffi >=3.4,<4.0a0
  - libgcc-ng >=12
  - libnsl >=2.0.1,<2.1.0a0
  - libsqlite >=3.45.2,<4.0a0
  - libuuid >=2.38.1,<3.0a0
  - libxcrypt >=4.4.36
  - libzlib >=1.2.13,<1.3.0a0
  - ncurses >=6.4.20240210,<7.0a0
  - openssl >=3.2.1,<4.0a0
  - readline >=8.2,<9.0a0
  - tk >=8.6.13,<8.7.0a0
  - xz >=5.2.6,<6.0a0
  constrains:
  - python_abi 3.8.* *_cp38
  license: Python-2.0
  size: 22357104
  timestamp: 1710939954552
- kind: conda
  name: python_abi
  version: '3.8'
  build: 4_cp38
  build_number: 4
  subdir: linux-64
  url: https://conda.anaconda.org/conda-forge/linux-64/python_abi-3.8-4_cp38.conda
  sha256: 54276b9259f5c72d160c75c45c50c4e03695da56e6646518801f567fc5979030
  md5: ea6b353536f42246cd130c7fef1285cf
  constrains:
  - python 3.8.* *_cpython
  license: BSD-3-Clause
  license_family: BSD
  size: 6371
  timestamp: 1695147367061
- kind: conda
  name: readline
  version: '8.2'
  build: h8228510_1
  build_number: 1
  subdir: linux-64
  url: https://conda.anaconda.org/conda-forge/linux-64/readline-8.2-h8228510_1.conda
  sha256: 5435cf39d039387fbdc977b0a762357ea909a7694d9528ab40f005e9208744d7
  md5: 47d31b792659ce70f470b5c82fdfb7a4
  depends:
  - libgcc-ng >=12
  - ncurses >=6.3,<7.0a0
  license: GPL-3.0-only
  license_family: GPL
  size: 281456
  timestamp: 1679532220005
- kind: conda
  name: rich
  version: 13.7.1
  build: pyhd8ed1ab_0
  subdir: noarch
  noarch: python
  url: https://conda.anaconda.org/conda-forge/noarch/rich-13.7.1-pyhd8ed1ab_0.conda
  sha256: 2b26d58aa59e46f933c3126367348651b0dab6e0bf88014e857415bb184a4667
  md5: ba445bf767ae6f0d959ff2b40c20912b
  depends:
  - markdown-it-py >=2.2.0
  - pygments >=2.13.0,<3.0.0
  - python >=3.7.0
  - typing_extensions >=4.0.0,<5.0.0
  license: MIT
  license_family: MIT
  size: 184347
  timestamp: 1709150578093
- kind: conda
  name: tk
  version: 8.6.13
  build: noxft_h4845f30_101
  build_number: 101
  subdir: linux-64
  url: https://conda.anaconda.org/conda-forge/linux-64/tk-8.6.13-noxft_h4845f30_101.conda
  sha256: e0569c9caa68bf476bead1bed3d79650bb080b532c64a4af7d8ca286c08dea4e
  md5: d453b98d9c83e71da0741bb0ff4d76bc
  depends:
  - libgcc-ng >=12
  - libzlib >=1.2.13,<1.3.0a0
  license: TCL
  license_family: BSD
  size: 3318875
  timestamp: 1699202167581
- kind: conda
  name: typing-extensions
  version: 4.10.0
  build: hd8ed1ab_0
  subdir: noarch
  noarch: python
  url: https://conda.anaconda.org/conda-forge/noarch/typing-extensions-4.10.0-hd8ed1ab_0.conda
  sha256: 0698fe2c4e555fb44c27c60f7a21fa0eea7f5bf8186ad109543c5b056e27f96a
  md5: 091683b9150d2ebaa62fd7e2c86433da
  depends:
  - typing_extensions 4.10.0 pyha770c72_0
  license: PSF-2.0
  license_family: PSF
  size: 10181
  timestamp: 1708904805365
- kind: conda
  name: typing_extensions
  version: 4.10.0
  build: pyha770c72_0
  subdir: noarch
  noarch: python
  url: https://conda.anaconda.org/conda-forge/noarch/typing_extensions-4.10.0-pyha770c72_0.conda
  sha256: 4be24d557897b2f6609f5d5f7c437833c62f4d4a96581e39530067e96a2d0451
  md5: 16ae769069b380646c47142d719ef466
  depends:
  - python >=3.8
  license: PSF-2.0
  license_family: PSF
  size: 37018
  timestamp: 1708904796013
- kind: conda
  name: uvicorn
  version: 0.29.0
  build: py38h578d9bd_0
  subdir: linux-64
  url: https://conda.anaconda.org/conda-forge/linux-64/uvicorn-0.29.0-py38h578d9bd_0.conda
  sha256: 49543b5b5733c1f1d29a2a12e7dba673054049ec8c2c42e472df5ba71f301861
  md5: d4b6dbdde321ac4db95c293b0f994739
  depends:
  - click >=7.0
  - h11 >=0.8
  - python >=3.8,<3.9.0a0
  - python_abi 3.8.* *_cp38
  - typing_extensions >=4.0
  license: BSD-3-Clause
  license_family: BSD
  size: 97001
  timestamp: 1710932144348
- kind: conda
  name: werkzeug
  version: 3.0.1
  build: pyhd8ed1ab_0
  subdir: noarch
  noarch: python
  url: https://conda.anaconda.org/conda-forge/noarch/werkzeug-3.0.1-pyhd8ed1ab_0.conda
  sha256: b7ac49549d370a411b1d6150d24243a15adcce07f1c61ec2ea1b536346e47aa0
  md5: af8d825d93dbe6331ee6d61c69869ca0
  depends:
  - markupsafe >=2.1.1
  - python >=3.8
  license: BSD-3-Clause
  license_family: BSD
  size: 241704
  timestamp: 1698235401441
- kind: conda
  name: wrapt
  version: 1.16.0
  build: py38h01eb140_0
  subdir: linux-64
  url: https://conda.anaconda.org/conda-forge/linux-64/wrapt-1.16.0-py38h01eb140_0.conda
  sha256: 7dd01753c99139ecb096f6229550ffb2effd57012c9cc17d7b570d50326422c9
  md5: d0dafe661cdf1604866a77160566a879
  depends:
  - libgcc-ng >=12
  - python >=3.8,<3.9.0a0
  - python_abi 3.8.* *_cp38
  license: BSD-2-Clause
  license_family: BSD
  size: 55224
  timestamp: 1699532979633
- kind: conda
  name: xz
  version: 5.2.6
  build: h166bdaf_0
  subdir: linux-64
  url: https://conda.anaconda.org/conda-forge/linux-64/xz-5.2.6-h166bdaf_0.tar.bz2
  sha256: 03a6d28ded42af8a347345f82f3eebdd6807a08526d47899a42d62d319609162
  md5: 2161070d867d1b1204ea749c8eec4ef0
  depends:
  - libgcc-ng >=12
  license: LGPL-2.1 and GPL-2.0
  size: 418368
  timestamp: 1660346797927
- kind: conda
  name: zipp
  version: 3.17.0
  build: pyhd8ed1ab_0
  subdir: noarch
  noarch: python
  url: https://conda.anaconda.org/conda-forge/noarch/zipp-3.17.0-pyhd8ed1ab_0.conda
  sha256: bced1423fdbf77bca0a735187d05d9b9812d2163f60ab426fc10f11f92ecbe26
  md5: 2e4d6bc0b14e10f895fc6791a7d9b26a
  depends:
  - python >=3.8
  license: MIT
  license_family: MIT
  size: 18954
  timestamp: 1695255262261
